// !$*UTF8*$!
{
	archiveVersion = 1;
	classes = {
	};
	objectVersion = 46;
	objects = {

/* Begin PBXBuildFile section */
		6520D8E41CF34A4E00DDA932 /* Input.swift in Sources */ = {isa = PBXBuildFile; fileRef = 6520D8E31CF34A4E00DDA932 /* Input.swift */; };
		652A409B1CF0C8AE000617E1 /* Assembler.swift in Sources */ = {isa = PBXBuildFile; fileRef = 652A409A1CF0C8AE000617E1 /* Assembler.swift */; };
		6550A2221CC97C9200AE8DF4 /* Stack.swift in Sources */ = {isa = PBXBuildFile; fileRef = 6550A2211CC97C9200AE8DF4 /* Stack.swift */; };
		65C7B2851CB3DD41009311BF /* main.swift in Sources */ = {isa = PBXBuildFile; fileRef = 65C7B2841CB3DD41009311BF /* main.swift */; };
		65C7B28C1CB3DD62009311BF /* VM.swift in Sources */ = {isa = PBXBuildFile; fileRef = 65C7B28B1CB3DD62009311BF /* VM.swift */; };
/* End PBXBuildFile section */

/* Begin PBXCopyFilesBuildPhase section */
		65C7B27F1CB3DD41009311BF /* CopyFiles */ = {
			isa = PBXCopyFilesBuildPhase;
			buildActionMask = 2147483647;
			dstPath = /usr/share/man/man1/;
			dstSubfolderSpec = 0;
			files = (
			);
			runOnlyForDeploymentPostprocessing = 1;
		};
/* End PBXCopyFilesBuildPhase section */

/* Begin PBXFileReference section */
		6520D8E31CF34A4E00DDA932 /* Input.swift */ = {isa = PBXFileReference; fileEncoding = 4; lastKnownFileType = sourcecode.swift; path = Input.swift; sourceTree = "<group>"; };
		652A409A1CF0C8AE000617E1 /* Assembler.swift */ = {isa = PBXFileReference; fileEncoding = 4; lastKnownFileType = sourcecode.swift; name = Assembler.swift; path = ../Assembler.swift; sourceTree = "<group>"; };
		6550A2211CC97C9200AE8DF4 /* Stack.swift */ = {isa = PBXFileReference; fileEncoding = 4; lastKnownFileType = sourcecode.swift; path = Stack.swift; sourceTree = "<group>"; };
		65C7B2811CB3DD41009311BF /* VM */ = {isa = PBXFileReference; explicitFileType = "compiled.mach-o.executable"; includeInIndex = 0; path = VM; sourceTree = BUILT_PRODUCTS_DIR; };
		65C7B2841CB3DD41009311BF /* main.swift */ = {isa = PBXFileReference; lastKnownFileType = sourcecode.swift; path = main.swift; sourceTree = "<group>"; };
		65C7B28B1CB3DD62009311BF /* VM.swift */ = {isa = PBXFileReference; fileEncoding = 4; lastKnownFileType = sourcecode.swift; path = VM.swift; sourceTree = "<group>"; };
/* End PBXFileReference section */

/* Begin PBXFrameworksBuildPhase section */
		65C7B27E1CB3DD41009311BF /* Frameworks */ = {
			isa = PBXFrameworksBuildPhase;
			buildActionMask = 2147483647;
			files = (
			);
			runOnlyForDeploymentPostprocessing = 0;
		};
/* End PBXFrameworksBuildPhase section */

/* Begin PBXGroup section */
		65C7B2781CB3DD41009311BF = {
			isa = PBXGroup;
			children = (
				65C7B2831CB3DD41009311BF /* VM */,
				65C7B2821CB3DD41009311BF /* Products */,
			);
			sourceTree = "<group>";
		};
		65C7B2821CB3DD41009311BF /* Products */ = {
			isa = PBXGroup;
			children = (
				65C7B2811CB3DD41009311BF /* VM */,
			);
			name = Products;
			sourceTree = "<group>";
		};
		65C7B2831CB3DD41009311BF /* VM */ = {
			isa = PBXGroup;
			children = (
				65C7B2841CB3DD41009311BF /* main.swift */,
				65C7B28B1CB3DD62009311BF /* VM.swift */,
				6550A2211CC97C9200AE8DF4 /* Stack.swift */,
				652A409A1CF0C8AE000617E1 /* Assembler.swift */,
				6520D8E31CF34A4E00DDA932 /* Input.swift */,
			);
			path = VM;
			sourceTree = "<group>";
		};
/* End PBXGroup section */

/* Begin PBXNativeTarget section */
		65C7B2801CB3DD41009311BF /* VM */ = {
			isa = PBXNativeTarget;
			buildConfigurationList = 65C7B2881CB3DD41009311BF /* Build configuration list for PBXNativeTarget "VM" */;
			buildPhases = (
				65C7B27D1CB3DD41009311BF /* Sources */,
				65C7B27E1CB3DD41009311BF /* Frameworks */,
				65C7B27F1CB3DD41009311BF /* CopyFiles */,
			);
			buildRules = (
			);
			dependencies = (
			);
			name = VM;
			productName = VM;
			productReference = 65C7B2811CB3DD41009311BF /* VM */;
			productType = "com.apple.product-type.tool";
		};
/* End PBXNativeTarget section */

/* Begin PBXProject section */
		65C7B2791CB3DD41009311BF /* Project object */ = {
			isa = PBXProject;
			attributes = {
				LastSwiftUpdateCheck = 0720;
				LastUpgradeCheck = 0720;
				ORGANIZATIONNAME = Daniel;
				TargetAttributes = {
					65C7B2801CB3DD41009311BF = {
						CreatedOnToolsVersion = 7.2.1;
					};
				};
			};
			buildConfigurationList = 65C7B27C1CB3DD41009311BF /* Build configuration list for PBXProject "VM" */;
			compatibilityVersion = "Xcode 3.2";
			developmentRegion = English;
			hasScannedForEncodings = 0;
			knownRegions = (
				en,
			);
			mainGroup = 65C7B2781CB3DD41009311BF;
			productRefGroup = 65C7B2821CB3DD41009311BF /* Products */;
			projectDirPath = "";
			projectRoot = "";
			targets = (
				65C7B2801CB3DD41009311BF /* VM */,
			);
		};
/* End PBXProject section */

/* Begin PBXSourcesBuildPhase section */
		65C7B27D1CB3DD41009311BF /* Sources */ = {
			isa = PBXSourcesBuildPhase;
			buildActionMask = 2147483647;
			files = (
				6520D8E41CF34A4E00DDA932 /* Input.swift in Sources */,
				652A409B1CF0C8AE000617E1 /* Assembler.swift in Sources */,
				65C7B28C1CB3DD62009311BF /* VM.swift in Sources */,
				6550A2221CC97C9200AE8DF4 /* Stack.swift in Sources */,
				65C7B2851CB3DD41009311BF /* main.swift in Sources */,
			);
			runOnlyForDeploymentPostprocessing = 0;
		};
/* End PBXSourcesBuildPhase section */

/* Begin XCBuildConfiguration section */
		65C7B2861CB3DD41009311BF /* Debug */ = {
			isa = XCBuildConfiguration;
			buildSettings = {
				ALWAYS_SEARCH_USER_PATHS = NO;
				CLANG_CXX_LANGUAGE_STANDARD = "gnu++0x";
				CLANG_CXX_LIBRARY = "libc++";
				CLANG_ENABLE_MODULES = YES;
				CLANG_ENABLE_OBJC_ARC = YES;
				CLANG_WARN_BOOL_CONVERSION = YES;
				CLANG_WARN_CONSTANT_CONVERSION = YES;
				CLANG_WARN_DIRECT_OBJC_ISA_USAGE = YES_ERROR;
				CLANG_WARN_EMPTY_BODY = YES;
				CLANG_WARN_ENUM_CONVERSION = YES;
				CLANG_WARN_INT_CONVERSION = YES;
				CLANG_WARN_OBJC_ROOT_CLASS = YES_ERROR;
				CLANG_WARN_UNREACHABLE_CODE = YES;
				CLANG_WARN__DUPLICATE_METHOD_MATCH = YES;
				CODE_SIGN_IDENTITY = "-";
				COPY_PHASE_STRIP = NO;
				DEBUG_INFORMATION_FORMAT = dwarf;
				ENABLE_STRICT_OBJC_MSGSEND = YES;
				ENABLE_TESTABILITY = YES;
				GCC_C_LANGUAGE_STANDARD = gnu99;
				GCC_DYNAMIC_NO_PIC = NO;
				GCC_NO_COMMON_BLOCKS = YES;
				GCC_OPTIMIZATION_LEVEL = 0;
				GCC_PREPROCESSOR_DEFINITIONS = (
					"DEBUG=1",
					"$(inherited)",
				);
				GCC_WARN_64_TO_32_BIT_CONVERSION = YES;
				GCC_WARN_ABOUT_RETURN_TYPE = YES_ERROR;
				GCC_WARN_UNDECLARED_SELECTOR = YES;
				GCC_WARN_UNINITIALIZED_AUTOS = YES_AGGRESSIVE;
				GCC_WARN_UNUSED_FUNCTION = YES;
				GCC_WARN_UNUSED_VARIABLE = YES;
				MACOSX_DEPLOYMENT_TARGET = 10.10;
				MTL_ENABLE_DEBUG_INFO = YES;
				ONLY_ACTIVE_ARCH = YES;
				SDKROOT = macosx;
				SWIFT_OPTIMIZATION_LEVEL = "-Onone";
			};
			name = Debug;
		};
		65C7B2871CB3DD41009311BF /* Release */ = {
			isa = XCBuildConfiguration;
			buildSettings = {
				ALWAYS_SEARCH_USER_PATHS = NO;
				CLANG_CXX_LANGUAGE_STANDARD = "gnu++0x";
				CLANG_CXX_LIBRARY = "libc++";
				CLANG_ENABLE_MODULES = YES;
				CLANG_ENABLE_OBJC_ARC = YES;
				CLANG_WARN_BOOL_CONVERSION = YES;
				CLANG_WARN_CONSTANT_CONVERSION = YES;
				CLANG_WARN_DIRECT_OBJC_ISA_USAGE = YES_ERROR;
				CLANG_WARN_EMPTY_BODY = YES;
				CLANG_WARN_ENUM_CONVERSION = YES;
				CLANG_WARN_INT_CONVERSION = YES;
				CLANG_WARN_OBJC_ROOT_CLASS = YES_ERROR;
				CLANG_WARN_UNREACHABLE_CODE = YES;
				CLANG_WARN__DUPLICATE_METHOD_MATCH = YES;
				CODE_SIGN_IDENTITY = "-";
				COPY_PHASE_STRIP = NO;
				DEBUG_INFORMATION_FORMAT = "dwarf-with-dsym";
				ENABLE_NS_ASSERTIONS = NO;
				ENABLE_STRICT_OBJC_MSGSEND = YES;
				GCC_C_LANGUAGE_STANDARD = gnu99;
				GCC_NO_COMMON_BLOCKS = YES;
				GCC_WARN_64_TO_32_BIT_CONVERSION = YES;
				GCC_WARN_ABOUT_RETURN_TYPE = YES_ERROR;
				GCC_WARN_UNDECLARED_SELECTOR = YES;
				GCC_WARN_UNINITIALIZED_AUTOS = YES_AGGRESSIVE;
				GCC_WARN_UNUSED_FUNCTION = YES;
				GCC_WARN_UNUSED_VARIABLE = YES;
				MACOSX_DEPLOYMENT_TARGET = 10.10;
				MTL_ENABLE_DEBUG_INFO = NO;
				SDKROOT = macosx;
			};
			name = Release;
		};
		65C7B2891CB3DD41009311BF /* Debug */ = {
			isa = XCBuildConfiguration;
			buildSettings = {
				PRODUCT_NAME = "$(TARGET_NAME)";
			};
			name = Debug;
		};
		65C7B28A1CB3DD41009311BF /* Release */ = {
			isa = XCBuildConfiguration;
			buildSettings = {
				PRODUCT_NAME = "$(TARGET_NAME)";
			};
			name = Release;
		};
/* End XCBuildConfiguration section */

/* Begin XCConfigurationList section */
		65C7B27C1CB3DD41009311BF /* Build configuration list for PBXProject "VM" */ = {
			isa = XCConfigurationList;
			buildConfigurations = (
				65C7B2861CB3DD41009311BF /* Debug */,
				65C7B2871CB3DD41009311BF /* Release */,
			);
			defaultConfigurationIsVisible = 0;
			defaultConfigurationName = Release;
		};
		65C7B2881CB3DD41009311BF /* Build configuration list for PBXNativeTarget "VM" */ = {
			isa = XCConfigurationList;
			buildConfigurations = (
				65C7B2891CB3DD41009311BF /* Debug */,
				65C7B28A1CB3DD41009311BF /* Release */,
			);
			defaultConfigurationIsVisible = 0;
			defaultConfigurationName = Release;
		};
/* End XCConfigurationList section */
	};
	rootObject = 65C7B2791CB3DD41009311BF /* Project object */;
}
